
Microsoft Visual Studio Solution File, Format Version 12.00
# Visual Studio Version 16
VisualStudioVersion = 16.0.32413.511
MinimumVisualStudioVersion = 10.0.40219.1
Project("{8BC9CEB8-8B4A-11D0-8D11-00A0C91BC942}") = "MissionPostProcessingTool", "MissionPostProcessingTool\MissionPostProcessingTool.vcxproj", "{358FD258-1EA2-4807-B1F1-034E801765A3}"
EndProject
Project("{8BC9CEB8-8B4A-11D0-8D11-00A0C91BC942}") = "MissionPostProcessingToolTests", "MissionPostProcessingToolTests\MissionPostProcessingToolTests.vcxproj", "{EFF67252-9F12-4B3D-8B23-CE0D74EE168F}"
	ProjectSection(ProjectDependencies) = postProject
		{358FD258-1EA2-4807-B1F1-034E801765A3} = {358FD258-1EA2-4807-B1F1-034E801765A3}
	EndProjectSection
EndProject
Project("{8BC9CEB8-8B4A-11D0-8D11-00A0C91BC942}") = "MissionPostProcessingToolCoreLib", "MissionPostProcessingToolCoreLib\MissionPostProcessingToolCoreLib.vcxproj", "{DC842C2A-3B67-40F7-B581-D242C2736E95}"
EndProject
Project("{8BC9CEB8-8B4A-11D0-8D11-00A0C91BC942}") = "MissionPostProcessingTool_Kneeboards", "MissionPostProcessingTool_Kneeboards\MissionPostProcessingTool_Kneeboards.vcxproj", "{54CB5F63-86FE-443D-BCDD-8BB2D438AD5A}"
EndProject
Project("{8BC9CEB8-8B4A-11D0-8D11-00A0C91BC942}") = "MissionPostProcessingToolMizDiff", "MissionPostProcessingToolMizDiff\MissionPostProcessingToolMizDiff.vcxproj", "{9917C67F-F3A0-44D7-A4B0-E18D3EFF579E}"
EndProject
Global
	GlobalSection(SolutionConfigurationPlatforms) = preSolution
		Debug|x64 = Debug|x64
		Debug|x86 = Debug|x86
		Release|x64 = Release|x64
		Release|x86 = Release|x86
	EndGlobalSection
	GlobalSection(ProjectConfigurationPlatforms) = postSolution
		{358FD258-1EA2-4807-B1F1-034E801765A3}.Debug|x64.ActiveCfg = Debug|x64
		{358FD258-1EA2-4807-B1F1-034E801765A3}.Debug|x64.Build.0 = Debug|x64
		{358FD258-1EA2-4807-B1F1-034E801765A3}.Debug|x86.ActiveCfg = Debug|Win32
		{358FD258-1EA2-4807-B1F1-034E801765A3}.Debug|x86.Build.0 = Debug|Win32
		{358FD258-1EA2-4807-B1F1-034E801765A3}.Release|x64.ActiveCfg = Release|x64
		{358FD258-1EA2-4807-B1F1-034E801765A3}.Release|x64.Build.0 = Release|x64
		{358FD258-1EA2-4807-B1F1-034E801765A3}.Release|x86.ActiveCfg = Release|Win32
		{358FD258-1EA2-4807-B1F1-034E801765A3}.Release|x86.Build.0 = Release|Win32
		{EFF67252-9F12-4B3D-8B23-CE0D74EE168F}.Debug|x64.ActiveCfg = Debug|x64
		{EFF67252-9F12-4B3D-8B23-CE0D74EE168F}.Debug|x64.Build.0 = Debug|x64
		{EFF67252-9F12-4B3D-8B23-CE0D74EE168F}.Debug|x86.ActiveCfg = Debug|Win32
		{EFF67252-9F12-4B3D-8B23-CE0D74EE168F}.Debug|x86.Build.0 = Debug|Win32
		{EFF67252-9F12-4B3D-8B23-CE0D74EE168F}.Release|x64.ActiveCfg = Release|x64
		{EFF67252-9F12-4B3D-8B23-CE0D74EE168F}.Release|x64.Build.0 = Release|x64
		{EFF67252-9F12-4B3D-8B23-CE0D74EE168F}.Release|x86.ActiveCfg = Release|Win32
		{EFF67252-9F12-4B3D-8B23-CE0D74EE168F}.Release|x86.Build.0 = Release|Win32
		{DC842C2A-3B67-40F7-B581-D242C2736E95}.Debug|x64.ActiveCfg = Debug|x64
		{DC842C2A-3B67-40F7-B581-D242C2736E95}.Debug|x64.Build.0 = Debug|x64
		{DC842C2A-3B67-40F7-B581-D242C2736E95}.Debug|x86.ActiveCfg = Debug|Win32
		{DC842C2A-3B67-40F7-B581-D242C2736E95}.Debug|x86.Build.0 = Debug|Win32
		{DC842C2A-3B67-40F7-B581-D242C2736E95}.Release|x64.ActiveCfg = Release|x64
		{DC842C2A-3B67-40F7-B581-D242C2736E95}.Release|x64.Build.0 = Release|x64
		{DC842C2A-3B67-40F7-B581-D242C2736E95}.Release|x86.ActiveCfg = Release|Win32
		{DC842C2A-3B67-40F7-B581-D242C2736E95}.Release|x86.Build.0 = Release|Win32
		{54CB5F63-86FE-443D-BCDD-8BB2D438AD5A}.Debug|x64.ActiveCfg = Debug|x64
		{54CB5F63-86FE-443D-BCDD-8BB2D438AD5A}.Debug|x64.Build.0 = Debug|x64
		{54CB5F63-86FE-443D-BCDD-8BB2D438AD5A}.Debug|x86.ActiveCfg = Debug|Win32
		{54CB5F63-86FE-443D-BCDD-8BB2D438AD5A}.Debug|x86.Build.0 = Debug|Win32
		{54CB5F63-86FE-443D-BCDD-8BB2D438AD5A}.Release|x64.ActiveCfg = Release|x64
		{54CB5F63-86FE-443D-BCDD-8BB2D438AD5A}.Release|x64.Build.0 = Release|x64
		{54CB5F63-86FE-443D-BCDD-8BB2D438AD5A}.Release|x86.ActiveCfg = Release|Win32
		{54CB5F63-86FE-443D-BCDD-8BB2D438AD5A}.Release|x86.Build.0 = Release|Win32
		{9917C67F-F3A0-44D7-A4B0-E18D3EFF579E}.Debug|x64.ActiveCfg = Debug|x64
		{9917C67F-F3A0-44D7-A4B0-E18D3EFF579E}.Debug|x64.Build.0 = Debug|x64
		{9917C67F-F3A0-44D7-A4B0-E18D3EFF579E}.Debug|x86.ActiveCfg = Debug|Win32
		{9917C67F-F3A0-44D7-A4B0-E18D3EFF579E}.Debug|x86.Build.0 = Debug|Win32
		{9917C67F-F3A0-44D7-A4B0-E18D3EFF579E}.Release|x64.ActiveCfg = Release|x64
		{9917C67F-F3A0-44D7-A4B0-E18D3EFF579E}.Release|x64.Build.0 = Release|x64
		{9917C67F-F3A0-44D7-A4B0-E18D3EFF579E}.Release|x86.ActiveCfg = Release|Win32
		{9917C67F-F3A0-44D7-A4B0-E18D3EFF579E}.Release|x86.Build.0 = Release|Win32
	EndGlobalSection
	GlobalSection(SolutionProperties) = preSolution
		HideSolutionNode = FALSE
	EndGlobalSection
	GlobalSection(ExtensibilityGlobals) = postSolution
		SolutionGuid = {6133C855-D475-4DAA-82EE-56160D419090}
	EndGlobalSection
EndGlobal
